
Microsoft Visual Studio Solution File, Format Version 12.00
# Visual Studio Version 17
VisualStudioVersion = 17.14.36414.22 d17.14
MinimumVisualStudioVersion = 10.0.40219.1
Project("{FAE04EC0-301F-11D3-BF4B-00C04F79EFBC}") = "bonghoa", "bonghoa\bonghoa.csproj", "{F8E05087-CFE7-4920-8179-E95E2C8DB4D1}"
EndProject
Global
	GlobalSection(SolutionConfigurationPlatforms) = preSolution
		Debug|Any CPU = Debug|Any CPU
		Release|Any CPU = Release|Any CPU
	EndGlobalSection
	GlobalSection(ProjectConfigurationPlatforms) = postSolution
		{F8E05087-CFE7-4920-8179-E95E2C8DB4D1}.Debug|Any CPU.ActiveCfg = Debug|Any CPU
		{F8E05087-CFE7-4920-8179-E95E2C8DB4D1}.Debug|Any CPU.Build.0 = Debug|Any CPU
		{F8E05087-CFE7-4920-8179-E95E2C8DB4D1}.Release|Any CPU.ActiveCfg = Release|Any CPU
		{F8E05087-CFE7-4920-8179-E95E2C8DB4D1}.Release|Any CPU.Build.0 = Release|Any CPU
	EndGlobalSection
	GlobalSection(SolutionProperties) = preSolution
		HideSolutionNode = FALSE
	EndGlobalSection
	GlobalSection(ExtensibilityGlobals) = postSolution
		SolutionGuid = {2AF92074-FC65-4A3F-9E62-B2C12579C46C}
	EndGlobalSection
EndGlobal
